
Microsoft Visual Studio Solution File, Format Version 12.00
# Visual Studio Version 17
VisualStudioVersion = 17.0.31903.59
MinimumVisualStudioVersion = 10.0.40219.1
Project("{FAE04EC0-301F-11D3-BF4B-00C04F79EFBC}") = "SmartCep.Api", "SmartCep.Api\SmartCep.Api.csproj", "{840F73AA-4DC4-4D43-9AE5-CE2124DA5EBB}"
EndProject
Project("{FAE04EC0-301F-11D3-BF4B-00C04F79EFBC}") = "SmartCep.Application", "SmartCep.Application\SmartCep.Application.csproj", "{80F838B3-4907-4264-88C7-C2F5471F08EE}"
EndProject
Project("{FAE04EC0-301F-11D3-BF4B-00C04F79EFBC}") = "SmartCep.Domain", "SmartCep.Domain\SmartCep.Domain.csproj", "{19D61424-B6AA-404B-B337-5B278BE58A39}"
EndProject
Project("{FAE04EC0-301F-11D3-BF4B-00C04F79EFBC}") = "SmartCep.Infrastructure", "SmartCep.Infrastructure\SmartCep.Infrastructure.csproj", "{A129366D-31B6-46DF-97EC-D7B4F1AEAC92}"
EndProject
Global
	GlobalSection(SolutionConfigurationPlatforms) = preSolution
		Debug|Any CPU = Debug|Any CPU
		Release|Any CPU = Release|Any CPU
	EndGlobalSection
	GlobalSection(SolutionProperties) = preSolution
		HideSolutionNode = FALSE
	EndGlobalSection
	GlobalSection(ProjectConfigurationPlatforms) = postSolution
		{840F73AA-4DC4-4D43-9AE5-CE2124DA5EBB}.Debug|Any CPU.ActiveCfg = Debug|Any CPU
		{840F73AA-4DC4-4D43-9AE5-CE2124DA5EBB}.Debug|Any CPU.Build.0 = Debug|Any CPU
		{840F73AA-4DC4-4D43-9AE5-CE2124DA5EBB}.Release|Any CPU.ActiveCfg = Release|Any CPU
		{840F73AA-4DC4-4D43-9AE5-CE2124DA5EBB}.Release|Any CPU.Build.0 = Release|Any CPU
		{80F838B3-4907-4264-88C7-C2F5471F08EE}.Debug|Any CPU.ActiveCfg = Debug|Any CPU
		{80F838B3-4907-4264-88C7-C2F5471F08EE}.Debug|Any CPU.Build.0 = Debug|Any CPU
		{80F838B3-4907-4264-88C7-C2F5471F08EE}.Release|Any CPU.ActiveCfg = Release|Any CPU
		{80F838B3-4907-4264-88C7-C2F5471F08EE}.Release|Any CPU.Build.0 = Release|Any CPU
		{19D61424-B6AA-404B-B337-5B278BE58A39}.Debug|Any CPU.ActiveCfg = Debug|Any CPU
		{19D61424-B6AA-404B-B337-5B278BE58A39}.Debug|Any CPU.Build.0 = Debug|Any CPU
		{19D61424-B6AA-404B-B337-5B278BE58A39}.Release|Any CPU.ActiveCfg = Release|Any CPU
		{19D61424-B6AA-404B-B337-5B278BE58A39}.Release|Any CPU.Build.0 = Release|Any CPU
		{A129366D-31B6-46DF-97EC-D7B4F1AEAC92}.Debug|Any CPU.ActiveCfg = Debug|Any CPU
		{A129366D-31B6-46DF-97EC-D7B4F1AEAC92}.Debug|Any CPU.Build.0 = Debug|Any CPU
		{A129366D-31B6-46DF-97EC-D7B4F1AEAC92}.Release|Any CPU.ActiveCfg = Release|Any CPU
		{A129366D-31B6-46DF-97EC-D7B4F1AEAC92}.Release|Any CPU.Build.0 = Release|Any CPU
	EndGlobalSection
EndGlobal
